PODS:
  - Flutter (1.0.0)
  - flutter_local_notifications (0.0.1):
    - Flutter
  - flutter_secure_storage (6.0.0):
    - Flutter
  - h3_flutter_plus (0.4.2):
    - Flutter

DEPENDENCIES:
  - Flutter (from `Flutter`)
  - flutter_local_notifications (from `.symlinks/plugins/flutter_local_notifications/ios`)
  - flutter_secure_storage (from `.symlinks/plugins/flutter_secure_storage/ios`)
  - h3_flutter_plus (from `.symlinks/plugins/h3_flutter_plus/ios`)

EXTERNAL SOURCES:
  Flutter:
    :path: Flutter
  flutter_local_notifications:
    :path: ".symlinks/plugins/flutter_local_notifications/ios"
  flutter_secure_storage:
    :path: ".symlinks/plugins/flutter_secure_storage/ios"
  h3_flutter_plus:
    :path: ".symlinks/plugins/h3_flutter_plus/ios"

SPEC CHECKSUMS:
  Flutter: cabc95a1d2626b1b06e7179b784ebcf0c0cde467
  flutter_local_notifications: 395056b3175ba4f08480a7c5de30cd36d69827e4
  flutter_secure_storage: 1ed9476fba7e7a782b22888f956cce43e2c62f13
  h3_flutter_plus: b9963c05016f37caff076f34bf286d86a3141233

PODFILE CHECKSUM: 352fcf90f17e1862e31388c51809cf5060099073

COCOAPODS: 1.16.2
